
Microsoft Visual Studio Solution File, Format Version 12.00
# Visual Studio 15
VisualStudioVersion = 15.0.27703.2026
MinimumVisualStudioVersion = 10.0.40219.1
Project("{FAE04EC0-301F-11D3-BF4B-00C04F79EFBC}") = "ApiAsAService", "ApiAsAService\ApiAsAService.csproj", "{A3D7D54B-67D2-44CC-BFCD-C7CE09B58925}"
EndProject
Project("{FAE04EC0-301F-11D3-BF4B-00C04F79EFBC}") = "EdmObjectsGenerator", "EdmObjectsGenerator\EdmObjectsGenerator.csproj", "{3678C588-F1DD-4EF6-879A-3D1D8114A880}"
EndProject
Global
	GlobalSection(SolutionConfigurationPlatforms) = preSolution
		CodeAnalysis|Any CPU = CodeAnalysis|Any CPU
		CodeAnalysis|x64 = CodeAnalysis|x64
		Debug|Any CPU = Debug|Any CPU
		Debug|x64 = Debug|x64
		Release|Any CPU = Release|Any CPU
		Release|x64 = Release|x64
	EndGlobalSection
	GlobalSection(ProjectConfigurationPlatforms) = postSolution
		{A3D7D54B-67D2-44CC-BFCD-C7CE09B58925}.CodeAnalysis|Any CPU.ActiveCfg = Release|Any CPU
		{A3D7D54B-67D2-44CC-BFCD-C7CE09B58925}.CodeAnalysis|Any CPU.Build.0 = Release|Any CPU
		{A3D7D54B-67D2-44CC-BFCD-C7CE09B58925}.CodeAnalysis|x64.ActiveCfg = Release|x64
		{A3D7D54B-67D2-44CC-BFCD-C7CE09B58925}.CodeAnalysis|x64.Build.0 = Release|x64
		{A3D7D54B-67D2-44CC-BFCD-C7CE09B58925}.Debug|Any CPU.ActiveCfg = Debug|Any CPU
		{A3D7D54B-67D2-44CC-BFCD-C7CE09B58925}.Debug|Any CPU.Build.0 = Debug|Any CPU
		{A3D7D54B-67D2-44CC-BFCD-C7CE09B58925}.Debug|x64.ActiveCfg = Debug|x64
		{A3D7D54B-67D2-44CC-BFCD-C7CE09B58925}.Debug|x64.Build.0 = Debug|x64
		{A3D7D54B-67D2-44CC-BFCD-C7CE09B58925}.Release|Any CPU.ActiveCfg = Release|Any CPU
		{A3D7D54B-67D2-44CC-BFCD-C7CE09B58925}.Release|Any CPU.Build.0 = Release|Any CPU
		{A3D7D54B-67D2-44CC-BFCD-C7CE09B58925}.Release|x64.ActiveCfg = Release|x64
		{A3D7D54B-67D2-44CC-BFCD-C7CE09B58925}.Release|x64.Build.0 = Release|x64
		{3678C588-F1DD-4EF6-879A-3D1D8114A880}.CodeAnalysis|Any CPU.ActiveCfg = Release|Any CPU
		{3678C588-F1DD-4EF6-879A-3D1D8114A880}.CodeAnalysis|Any CPU.Build.0 = Release|Any CPU
		{3678C588-F1DD-4EF6-879A-3D1D8114A880}.CodeAnalysis|x64.ActiveCfg = Release|Any CPU
		{3678C588-F1DD-4EF6-879A-3D1D8114A880}.CodeAnalysis|x64.Build.0 = Release|Any CPU
		{3678C588-F1DD-4EF6-879A-3D1D8114A880}.Debug|Any CPU.ActiveCfg = Debug|Any CPU
		{3678C588-F1DD-4EF6-879A-3D1D8114A880}.Debug|Any CPU.Build.0 = Debug|Any CPU
		{3678C588-F1DD-4EF6-879A-3D1D8114A880}.Debug|x64.ActiveCfg = Debug|Any CPU
		{3678C588-F1DD-4EF6-879A-3D1D8114A880}.Debug|x64.Build.0 = Debug|Any CPU
		{3678C588-F1DD-4EF6-879A-3D1D8114A880}.Release|Any CPU.ActiveCfg = Release|Any CPU
		{3678C588-F1DD-4EF6-879A-3D1D8114A880}.Release|Any CPU.Build.0 = Release|Any CPU
		{3678C588-F1DD-4EF6-879A-3D1D8114A880}.Release|x64.ActiveCfg = Release|Any CPU
		{3678C588-F1DD-4EF6-879A-3D1D8114A880}.Release|x64.Build.0 = Release|Any CPU
	EndGlobalSection
	GlobalSection(SolutionProperties) = preSolution
		HideSolutionNode = FALSE
	EndGlobalSection
	GlobalSection(ExtensibilityGlobals) = postSolution
		SolutionGuid = {04797995-11AD-4320-89A0-C353AD9C9B4A}
	EndGlobalSection
EndGlobal
