
Microsoft Visual Studio Solution File, Format Version 12.00
# Visual Studio 15
VisualStudioVersion = 15.0.28307.757
MinimumVisualStudioVersion = 10.0.40219.1
Project("{2150E333-8FDC-42A3-9474-1A3956D46DE8}") = "Core", "Core", "{D8A3183C-1E9C-4D6C-AC72-4EF938EC9895}"
EndProject
Project("{2150E333-8FDC-42A3-9474-1A3956D46DE8}") = "DataProviders", "DataProviders", "{37B52FD3-E72B-406F-8C5A-F146256D7743}"
EndProject
Project("{2150E333-8FDC-42A3-9474-1A3956D46DE8}") = "Web", "Web", "{9D3D8728-C31B-4D5E-B471-79A9DBBA0E58}"
EndProject
Project("{9A19103F-16F7-4668-BE54-9A1E7A4F7556}") = "Microsoft.Restier.Core", "RESTier\src\Microsoft.Restier.Core\Microsoft.Restier.Core.csproj", "{300B769A-3513-49D0-A035-7DB965C8D2A4}"
EndProject
Project("{9A19103F-16F7-4668-BE54-9A1E7A4F7556}") = "Microsoft.Restier.AspNetCore", "RESTier\src\Microsoft.Restier.AspNetCore\Microsoft.Restier.AspNetCore.csproj", "{97E94F97-E73B-4074-8587-AE1B91B4D61E}"
EndProject
Project("{9A19103F-16F7-4668-BE54-9A1E7A4F7556}") = "Microsoft.Restier.AspNet", "RESTier\src\Microsoft.Restier.AspNet\Microsoft.Restier.AspNet.csproj", "{8ECF4E97-1816-44AD-AD63-6ACF287ED520}"
EndProject
Project("{9A19103F-16F7-4668-BE54-9A1E7A4F7556}") = "Microsoft.Restier.EntityFramework", "RESTier\src\Microsoft.Restier.EntityFramework\Microsoft.Restier.EntityFramework.csproj", "{0E373B2A-2ED2-4566-A275-6BE81CFFE00B}"
EndProject
Project("{2150E333-8FDC-42A3-9474-1A3956D46DE8}") = "Solution Items", "Solution Items", "{901E6A2A-23EC-4BC8-B4C6-A3EF70D72702}"
	ProjectSection(SolutionItems) = preProject
		RESTier\src\Directory.Build.props = RESTier\src\Directory.Build.props
		Directory.Build.props = Directory.Build.props
		README.md = README.md
	EndProjectSection
EndProject
Project("{2150E333-8FDC-42A3-9474-1A3956D46DE8}") = "Samples", "Samples", "{DB42E0B8-C0C7-4DE4-9437-2B2A229B5F8F}"
EndProject
Project("{FAE04EC0-301F-11D3-BF4B-00C04F79EFBC}") = "Microsoft.Restier.Samples.Northwind.AspNet", "RESTier\src\Microsoft.Restier.Samples.Northwind.AspNet\Microsoft.Restier.Samples.Northwind.AspNet.csproj", "{3EAB0AED-2BE2-4120-B26E-3401B86C4DC2}"
EndProject
Project("{2150E333-8FDC-42A3-9474-1A3956D46DE8}") = "RESTier", "RESTier", "{76B4E51F-233E-4DD3-AABF-A6F47788040D}"
EndProject
Project("{FAE04EC0-301F-11D3-BF4B-00C04F79EFBC}") = "Microsoft.AspNet.OData", "WebAPI\src\Microsoft.AspNet.OData\Microsoft.AspNet.OData.csproj", "{A6F9775D-F7E2-424E-8363-79644A73038F}"
EndProject
Project("{2150E333-8FDC-42A3-9474-1A3956D46DE8}") = "WebAPI", "WebAPI", "{B43F200F-B847-48BE-9362-36D94C48521D}"
EndProject
Project("{D954291E-2A0B-460D-934E-DC6B0785DB48}") = "Microsoft.AspNet.OData.Shared", "WebAPI\src\Microsoft.AspNet.OData.Shared\Microsoft.AspNet.OData.Shared.shproj", "{B6B951B6-C3F0-4B8E-8955-E039145E7DEC}"
EndProject
Global
	GlobalSection(SharedMSBuildProjectFiles) = preSolution
		WebAPI\src\Microsoft.AspNet.OData.Shared\Microsoft.AspNet.OData.Shared.projitems*{a6f9775d-f7e2-424e-8363-79644a73038f}*SharedItemsImports = 4
		WebAPI\src\Microsoft.AspNet.OData.Shared\Microsoft.AspNet.OData.Shared.projitems*{b6b951b6-c3f0-4b8e-8955-e039145e7dec}*SharedItemsImports = 13
	EndGlobalSection
	GlobalSection(SolutionConfigurationPlatforms) = preSolution
		CodeAnalysis|Any CPU = CodeAnalysis|Any CPU
		Debug|Any CPU = Debug|Any CPU
		Release|Any CPU = Release|Any CPU
	EndGlobalSection
	GlobalSection(ProjectConfigurationPlatforms) = postSolution
		{300B769A-3513-49D0-A035-7DB965C8D2A4}.CodeAnalysis|Any CPU.ActiveCfg = Release|Any CPU
		{300B769A-3513-49D0-A035-7DB965C8D2A4}.CodeAnalysis|Any CPU.Build.0 = Release|Any CPU
		{300B769A-3513-49D0-A035-7DB965C8D2A4}.Debug|Any CPU.ActiveCfg = Debug|Any CPU
		{300B769A-3513-49D0-A035-7DB965C8D2A4}.Debug|Any CPU.Build.0 = Debug|Any CPU
		{300B769A-3513-49D0-A035-7DB965C8D2A4}.Release|Any CPU.ActiveCfg = Release|Any CPU
		{300B769A-3513-49D0-A035-7DB965C8D2A4}.Release|Any CPU.Build.0 = Release|Any CPU
		{97E94F97-E73B-4074-8587-AE1B91B4D61E}.CodeAnalysis|Any CPU.ActiveCfg = Release|Any CPU
		{97E94F97-E73B-4074-8587-AE1B91B4D61E}.CodeAnalysis|Any CPU.Build.0 = Release|Any CPU
		{97E94F97-E73B-4074-8587-AE1B91B4D61E}.Debug|Any CPU.ActiveCfg = Debug|Any CPU
		{97E94F97-E73B-4074-8587-AE1B91B4D61E}.Debug|Any CPU.Build.0 = Debug|Any CPU
		{97E94F97-E73B-4074-8587-AE1B91B4D61E}.Release|Any CPU.ActiveCfg = Release|Any CPU
		{97E94F97-E73B-4074-8587-AE1B91B4D61E}.Release|Any CPU.Build.0 = Release|Any CPU
		{8ECF4E97-1816-44AD-AD63-6ACF287ED520}.CodeAnalysis|Any CPU.ActiveCfg = Release|Any CPU
		{8ECF4E97-1816-44AD-AD63-6ACF287ED520}.CodeAnalysis|Any CPU.Build.0 = Release|Any CPU
		{8ECF4E97-1816-44AD-AD63-6ACF287ED520}.Debug|Any CPU.ActiveCfg = Debug|Any CPU
		{8ECF4E97-1816-44AD-AD63-6ACF287ED520}.Debug|Any CPU.Build.0 = Debug|Any CPU
		{8ECF4E97-1816-44AD-AD63-6ACF287ED520}.Release|Any CPU.ActiveCfg = Release|Any CPU
		{8ECF4E97-1816-44AD-AD63-6ACF287ED520}.Release|Any CPU.Build.0 = Release|Any CPU
		{0E373B2A-2ED2-4566-A275-6BE81CFFE00B}.CodeAnalysis|Any CPU.ActiveCfg = Release|Any CPU
		{0E373B2A-2ED2-4566-A275-6BE81CFFE00B}.CodeAnalysis|Any CPU.Build.0 = Release|Any CPU
		{0E373B2A-2ED2-4566-A275-6BE81CFFE00B}.Debug|Any CPU.ActiveCfg = Debug|Any CPU
		{0E373B2A-2ED2-4566-A275-6BE81CFFE00B}.Debug|Any CPU.Build.0 = Debug|Any CPU
		{0E373B2A-2ED2-4566-A275-6BE81CFFE00B}.Release|Any CPU.ActiveCfg = Release|Any CPU
		{0E373B2A-2ED2-4566-A275-6BE81CFFE00B}.Release|Any CPU.Build.0 = Release|Any CPU
		{3EAB0AED-2BE2-4120-B26E-3401B86C4DC2}.CodeAnalysis|Any CPU.ActiveCfg = Release|Any CPU
		{3EAB0AED-2BE2-4120-B26E-3401B86C4DC2}.CodeAnalysis|Any CPU.Build.0 = Release|Any CPU
		{3EAB0AED-2BE2-4120-B26E-3401B86C4DC2}.Debug|Any CPU.ActiveCfg = Debug|Any CPU
		{3EAB0AED-2BE2-4120-B26E-3401B86C4DC2}.Release|Any CPU.ActiveCfg = Release|Any CPU
		{3EAB0AED-2BE2-4120-B26E-3401B86C4DC2}.Release|Any CPU.Build.0 = Release|Any CPU
		{A6F9775D-F7E2-424E-8363-79644A73038F}.CodeAnalysis|Any CPU.ActiveCfg = CodeAnalysis|Any CPU
		{A6F9775D-F7E2-424E-8363-79644A73038F}.CodeAnalysis|Any CPU.Build.0 = CodeAnalysis|Any CPU
		{A6F9775D-F7E2-424E-8363-79644A73038F}.Debug|Any CPU.ActiveCfg = Debug|Any CPU
		{A6F9775D-F7E2-424E-8363-79644A73038F}.Debug|Any CPU.Build.0 = Debug|Any CPU
		{A6F9775D-F7E2-424E-8363-79644A73038F}.Release|Any CPU.ActiveCfg = Release|Any CPU
		{A6F9775D-F7E2-424E-8363-79644A73038F}.Release|Any CPU.Build.0 = Release|Any CPU
	EndGlobalSection
	GlobalSection(SolutionProperties) = preSolution
		HideSolutionNode = FALSE
	EndGlobalSection
	GlobalSection(NestedProjects) = preSolution
		{D8A3183C-1E9C-4D6C-AC72-4EF938EC9895} = {76B4E51F-233E-4DD3-AABF-A6F47788040D}
		{37B52FD3-E72B-406F-8C5A-F146256D7743} = {76B4E51F-233E-4DD3-AABF-A6F47788040D}
		{9D3D8728-C31B-4D5E-B471-79A9DBBA0E58} = {76B4E51F-233E-4DD3-AABF-A6F47788040D}
		{300B769A-3513-49D0-A035-7DB965C8D2A4} = {D8A3183C-1E9C-4D6C-AC72-4EF938EC9895}
		{97E94F97-E73B-4074-8587-AE1B91B4D61E} = {9D3D8728-C31B-4D5E-B471-79A9DBBA0E58}
		{8ECF4E97-1816-44AD-AD63-6ACF287ED520} = {9D3D8728-C31B-4D5E-B471-79A9DBBA0E58}
		{0E373B2A-2ED2-4566-A275-6BE81CFFE00B} = {37B52FD3-E72B-406F-8C5A-F146256D7743}
		{3EAB0AED-2BE2-4120-B26E-3401B86C4DC2} = {DB42E0B8-C0C7-4DE4-9437-2B2A229B5F8F}
		{A6F9775D-F7E2-424E-8363-79644A73038F} = {B43F200F-B847-48BE-9362-36D94C48521D}
		{B6B951B6-C3F0-4B8E-8955-E039145E7DEC} = {B43F200F-B847-48BE-9362-36D94C48521D}
	EndGlobalSection
	GlobalSection(ExtensibilityGlobals) = postSolution
		SolutionGuid = {5A37189C-A5E1-4871-AF65-8EBF2DA60FE3}
	EndGlobalSection
EndGlobal
